
Microsoft Visual Studio Solution File, Format Version 12.00
# Visual Studio Version 17
VisualStudioVersion = 17.5.002.0
MinimumVisualStudioVersion = 10.0.40219.1
Project("{2150E333-8FDC-42A3-9474-1A3956D46DE8}") = "CalendarBase", "CalendarBase", "{CD5FB8D9-43B5-46B7-926F-2E42A75727CA}"
EndProject
Project("{9A19103F-16F7-4668-BE54-9A1E7A4F7556}") = "CalendarBase", "CalendarBase\Files\CalendarBase.csproj", "{6A3ED8FA-F7E9-4F4C-B51D-AF42E1DB0143}"
EndProject
Project("{2150E333-8FDC-42A3-9474-1A3956D46DE8}") = "CrtBaseConsts", "CrtBaseConsts", "{7DF8EDD4-6E22-4805-82AB-1E9EE1B5E0D9}"
EndProject
Project("{9A19103F-16F7-4668-BE54-9A1E7A4F7556}") = "CrtBaseConsts", "CrtBaseConsts\Files\CrtBaseConsts.csproj", "{22314386-1A62-443B-B8E8-6EBEC60E323F}"
EndProject
Project("{2150E333-8FDC-42A3-9474-1A3956D46DE8}") = "CrtC360InUiV2", "CrtC360InUiV2", "{359ABD63-A643-4BF0-8C02-63C99AF983D2}"
EndProject
Project("{9A19103F-16F7-4668-BE54-9A1E7A4F7556}") = "CrtC360InUiV2", "CrtC360InUiV2\Files\CrtC360InUiV2.csproj", "{5221E79D-CFC7-4C34-9DBF-BD07F59B1147}"
EndProject
Project("{2150E333-8FDC-42A3-9474-1A3956D46DE8}") = "CrtCalendar", "CrtCalendar", "{68BB6CD9-D189-4AEA-83FB-86D1D47D1C0D}"
EndProject
Project("{9A19103F-16F7-4668-BE54-9A1E7A4F7556}") = "CrtCalendar", "CrtCalendar\Files\CrtCalendar.csproj", "{8DF3D430-4AE9-4809-A772-89BF56C5A2D0}"
EndProject
Project("{2150E333-8FDC-42A3-9474-1A3956D46DE8}") = "CrtCore", "CrtCore", "{CFCEFE3C-6EA6-45A8-AF56-190266F8A13A}"
EndProject
Project("{9A19103F-16F7-4668-BE54-9A1E7A4F7556}") = "CrtCore", "CrtCore\Files\CrtCore.csproj", "{20EA52C6-1EBB-4642-B0D2-A2F2B89E5AF3}"
EndProject
Project("{2150E333-8FDC-42A3-9474-1A3956D46DE8}") = "CrtCoreBase", "CrtCoreBase", "{E8083951-65AF-48C2-BCDE-74270B96814F}"
EndProject
Project("{9A19103F-16F7-4668-BE54-9A1E7A4F7556}") = "CrtCoreBase", "CrtCoreBase\Files\CrtCoreBase.csproj", "{3F498B04-A10F-4C8D-9438-DEE1DA6975A8}"
EndProject
Project("{2150E333-8FDC-42A3-9474-1A3956D46DE8}") = "CrtCustomer360App", "CrtCustomer360App", "{80106E90-D23C-49BA-9C5B-747FE6ACCCE3}"
EndProject
Project("{9A19103F-16F7-4668-BE54-9A1E7A4F7556}") = "CrtCustomer360App", "CrtCustomer360App\Files\CrtCustomer360App.csproj", "{46B5975A-85FC-49C3-A317-C4B29B5AE421}"
EndProject
Project("{2150E333-8FDC-42A3-9474-1A3956D46DE8}") = "CrtCustomer360Mobile", "CrtCustomer360Mobile", "{AF27A0D5-3BDA-45A8-93C2-9187FE079E9E}"
EndProject
Project("{9A19103F-16F7-4668-BE54-9A1E7A4F7556}") = "CrtCustomer360Mobile", "CrtCustomer360Mobile\Files\CrtCustomer360Mobile.csproj", "{FDFCEAA3-3744-4E70-BBEE-C6E8A8092FF2}"
EndProject
Project("{2150E333-8FDC-42A3-9474-1A3956D46DE8}") = "CrtEmailSender", "CrtEmailSender", "{7D2C334A-974F-4388-8B14-D3986313EEEB}"
EndProject
Project("{9A19103F-16F7-4668-BE54-9A1E7A4F7556}") = "CrtEmailSender", "CrtEmailSender\Files\CrtEmailSender.csproj", "{E2468830-A41E-4251-A912-DF05E98E8E65}"
EndProject
Project("{2150E333-8FDC-42A3-9474-1A3956D46DE8}") = "CrtEmailTemplate", "CrtEmailTemplate", "{D84DE4F0-5A5A-410F-867E-0EC514413B0E}"
EndProject
Project("{9A19103F-16F7-4668-BE54-9A1E7A4F7556}") = "CrtEmailTemplate", "CrtEmailTemplate\Files\CrtEmailTemplate.csproj", "{F0532753-A912-4BD9-B329-D60F1BF5E3AA}"
EndProject
Project("{2150E333-8FDC-42A3-9474-1A3956D46DE8}") = "CrtFeatureToggling", "CrtFeatureToggling", "{4D89F52D-AAEE-42BB-8BCB-73B8C8B6CD7A}"
EndProject
Project("{9A19103F-16F7-4668-BE54-9A1E7A4F7556}") = "CrtFeatureToggling", "CrtFeatureToggling\Files\CrtFeatureToggling.csproj", "{EBC96130-7086-49B6-890B-686E4A0E4FA3}"
EndProject
Project("{2150E333-8FDC-42A3-9474-1A3956D46DE8}") = "CrtMacrosBase", "CrtMacrosBase", "{D49D28CA-8FD9-4D94-A533-0AD5E1D6E122}"
EndProject
Project("{9A19103F-16F7-4668-BE54-9A1E7A4F7556}") = "CrtMacrosBase", "CrtMacrosBase\Files\CrtMacrosBase.csproj", "{2E144CED-9B33-4A40-87F2-895F14E10499}"
EndProject
Project("{2150E333-8FDC-42A3-9474-1A3956D46DE8}") = "CrtML", "CrtML", "{5FA97C75-9DE4-46C7-A34B-4A432AEE0E8B}"
EndProject
Project("{9A19103F-16F7-4668-BE54-9A1E7A4F7556}") = "CrtML", "CrtML\Files\CrtML.csproj", "{E5FAC1BC-50B2-4104-B909-31C11690E91C}"
EndProject
Project("{2150E333-8FDC-42A3-9474-1A3956D46DE8}") = "CrtMLangContent", "CrtMLangContent", "{5DA5CDA6-CB0E-42C3-A82B-336450FE1157}"
EndProject
Project("{9A19103F-16F7-4668-BE54-9A1E7A4F7556}") = "CrtMLangContent", "CrtMLangContent\Files\CrtMLangContent.csproj", "{C1F76C3E-53DC-4BA4-9245-69E5560C0C14}"
EndProject
Project("{2150E333-8FDC-42A3-9474-1A3956D46DE8}") = "CrtNextStep", "CrtNextStep", "{F1A2864C-E0EB-4022-8C39-81442F2F2132}"
EndProject
Project("{9A19103F-16F7-4668-BE54-9A1E7A4F7556}") = "CrtNextStep", "CrtNextStep\Files\CrtNextStep.csproj", "{768BD7D9-0CF6-4804-A1FA-A58565D155BE}"
EndProject
Project("{2150E333-8FDC-42A3-9474-1A3956D46DE8}") = "CrtProductivityApp", "CrtProductivityApp", "{90489455-B7D8-492C-8564-66CEDCD4C1FF}"
EndProject
Project("{9A19103F-16F7-4668-BE54-9A1E7A4F7556}") = "CrtProductivityApp", "CrtProductivityApp\Files\CrtProductivityApp.csproj", "{F0B9EEBC-F1AF-49D3-B62D-E7CFBE5B40A2}"
EndProject
Project("{2150E333-8FDC-42A3-9474-1A3956D46DE8}") = "CrtSmsIntegration", "CrtSmsIntegration", "{592CAA88-A9E2-4693-91DE-17F26E61077D}"
EndProject
Project("{9A19103F-16F7-4668-BE54-9A1E7A4F7556}") = "CrtSmsIntegration", "CrtSmsIntegration\Files\CrtSmsIntegration.csproj", "{F23DDAAE-B99A-4AA5-925A-B38943B10530}"
EndProject
Project("{2150E333-8FDC-42A3-9474-1A3956D46DE8}") = "CrtUISwitcher", "CrtUISwitcher", "{103E2066-5142-400C-9965-23CAC0188E98}"
EndProject
Project("{9A19103F-16F7-4668-BE54-9A1E7A4F7556}") = "CrtUISwitcher", "CrtUISwitcher\Files\CrtUISwitcher.csproj", "{EDC8124C-2CAE-4AE1-BBD6-A1B54A4A62C3}"
EndProject
Project("{2150E333-8FDC-42A3-9474-1A3956D46DE8}") = "CSL_MaintenanceTools", "CSL_MaintenanceTools", "{07F7C42E-FA37-47A8-93CB-87BD00F68183}"
EndProject
Project("{9A19103F-16F7-4668-BE54-9A1E7A4F7556}") = "CSL_MaintenanceTools", "CSL_MaintenanceTools\Files\CSL_MaintenanceTools.csproj", "{89D0A802-05DA-4B17-AFF6-E9F2537750EE}"
EndProject
Project("{2150E333-8FDC-42A3-9474-1A3956D46DE8}") = "CSP", "CSP", "{1589AEED-E591-4A87-AA07-3C29A27DFEEA}"
EndProject
Project("{9A19103F-16F7-4668-BE54-9A1E7A4F7556}") = "CSP", "CSP\Files\CSP.csproj", "{211B2B0D-AD52-4823-9395-EA96AE64037E}"
EndProject
Project("{2150E333-8FDC-42A3-9474-1A3956D46DE8}") = "DevPack", "DevPack", "{E0E20717-704C-47FA-8721-E2DD3C2B5365}"
EndProject
Project("{9A19103F-16F7-4668-BE54-9A1E7A4F7556}") = "DevPack", "DevPack\Files\DevPack.csproj", "{A1927FE0-D494-4DF9-B25E-85434F84F3E1}"
EndProject
Project("{2150E333-8FDC-42A3-9474-1A3956D46DE8}") = "FeatureToggling", "FeatureToggling", "{3A112036-BFCE-4BAA-A2B8-5D4E9AC2B791}"
EndProject
Project("{9A19103F-16F7-4668-BE54-9A1E7A4F7556}") = "FeatureToggling", "FeatureToggling\Files\FeatureToggling.csproj", "{EB81456F-9E5F-41EE-B22B-1F1D604984CA}"
EndProject
Project("{2150E333-8FDC-42A3-9474-1A3956D46DE8}") = "Finesse", "Finesse", "{74DD4221-3586-44DD-9BBA-E16BE5644862}"
EndProject
Project("{9A19103F-16F7-4668-BE54-9A1E7A4F7556}") = "Finesse", "Finesse\Files\Finesse.csproj", "{F79071A6-E842-45E1-B0F2-C0A7A0583189}"
EndProject
Project("{2150E333-8FDC-42A3-9474-1A3956D46DE8}") = "MLProcessDesigner", "MLProcessDesigner", "{E7A53DDB-E428-4AB4-8EDB-D20592D15BDF}"
EndProject
Project("{9A19103F-16F7-4668-BE54-9A1E7A4F7556}") = "MLProcessDesigner", "MLProcessDesigner\Files\MLProcessDesigner.csproj", "{F3AAD5E1-ECC6-46F5-AF5D-1C020BC60048}"
EndProject
Project("{2150E333-8FDC-42A3-9474-1A3956D46DE8}") = "OpenIdAuth", "OpenIdAuth", "{F6AC824D-7342-4074-8613-E07827D81A52}"
EndProject
Project("{9A19103F-16F7-4668-BE54-9A1E7A4F7556}") = "OpenIdAuth", "OpenIdAuth\Files\OpenIdAuth.csproj", "{A942AFFE-9D7E-4854-8093-74DFE6700F08}"
EndProject
Project("{2150E333-8FDC-42A3-9474-1A3956D46DE8}") = "SsoSettings", "SsoSettings", "{249B51B6-F1F7-4FDC-840C-10700D7B6DEB}"
EndProject
Project("{9A19103F-16F7-4668-BE54-9A1E7A4F7556}") = "SsoSettings", "SsoSettings\Files\SsoSettings.csproj", "{96FA85D7-52AD-45E6-8DE6-067CC9CA609F}"
EndProject
Project("{2150E333-8FDC-42A3-9474-1A3956D46DE8}") = "UsrRealtyFreedomUI", "UsrRealtyFreedomUI", "{902D7E6E-7994-46E6-BFD6-069AF753E0EA}"
EndProject
Project("{9A19103F-16F7-4668-BE54-9A1E7A4F7556}") = "UsrRealtyFreedomUI", "UsrRealtyFreedomUI\Files\UsrRealtyFreedomUI.csproj", "{0D6E9A52-F04E-4E24-AF82-7780AB8FD286}"
EndProject
Project("{2150E333-8FDC-42A3-9474-1A3956D46DE8}") = "XSSProtection", "XSSProtection", "{1E919245-2437-42DD-8691-13E248B000B5}"
EndProject
Project("{9A19103F-16F7-4668-BE54-9A1E7A4F7556}") = "XSSProtection", "XSSProtection\Files\XSSProtection.csproj", "{FB4A67BD-39C2-4838-9EE4-DFC0DCF3F7CC}"
EndProject
Global
	GlobalSection(SolutionConfigurationPlatforms) = preSolution
		Debug|Any CPU = Debug|Any CPU
		Release|Any CPU = Release|Any CPU
	EndGlobalSection
	GlobalSection(ProjectConfigurationPlatforms) = postSolution
		{6A3ED8FA-F7E9-4F4C-B51D-AF42E1DB0143}.Debug|Any CPU.ActiveCfg = Debug|Any CPU
		{6A3ED8FA-F7E9-4F4C-B51D-AF42E1DB0143}.Debug|Any CPU.Build.0 = Debug|Any CPU
		{6A3ED8FA-F7E9-4F4C-B51D-AF42E1DB0143}.Release|Any CPU.ActiveCfg = Release|Any CPU
		{6A3ED8FA-F7E9-4F4C-B51D-AF42E1DB0143}.Release|Any CPU.Build.0 = Release|Any CPU
		{22314386-1A62-443B-B8E8-6EBEC60E323F}.Debug|Any CPU.ActiveCfg = Debug|Any CPU
		{22314386-1A62-443B-B8E8-6EBEC60E323F}.Debug|Any CPU.Build.0 = Debug|Any CPU
		{22314386-1A62-443B-B8E8-6EBEC60E323F}.Release|Any CPU.ActiveCfg = Release|Any CPU
		{22314386-1A62-443B-B8E8-6EBEC60E323F}.Release|Any CPU.Build.0 = Release|Any CPU
		{5221E79D-CFC7-4C34-9DBF-BD07F59B1147}.Debug|Any CPU.ActiveCfg = Debug|Any CPU
		{5221E79D-CFC7-4C34-9DBF-BD07F59B1147}.Debug|Any CPU.Build.0 = Debug|Any CPU
		{5221E79D-CFC7-4C34-9DBF-BD07F59B1147}.Release|Any CPU.ActiveCfg = Release|Any CPU
		{5221E79D-CFC7-4C34-9DBF-BD07F59B1147}.Release|Any CPU.Build.0 = Release|Any CPU
		{8DF3D430-4AE9-4809-A772-89BF56C5A2D0}.Debug|Any CPU.ActiveCfg = Debug|Any CPU
		{8DF3D430-4AE9-4809-A772-89BF56C5A2D0}.Debug|Any CPU.Build.0 = Debug|Any CPU
		{8DF3D430-4AE9-4809-A772-89BF56C5A2D0}.Release|Any CPU.ActiveCfg = Release|Any CPU
		{8DF3D430-4AE9-4809-A772-89BF56C5A2D0}.Release|Any CPU.Build.0 = Release|Any CPU
		{20EA52C6-1EBB-4642-B0D2-A2F2B89E5AF3}.Debug|Any CPU.ActiveCfg = Debug|Any CPU
		{20EA52C6-1EBB-4642-B0D2-A2F2B89E5AF3}.Debug|Any CPU.Build.0 = Debug|Any CPU
		{20EA52C6-1EBB-4642-B0D2-A2F2B89E5AF3}.Release|Any CPU.ActiveCfg = Release|Any CPU
		{20EA52C6-1EBB-4642-B0D2-A2F2B89E5AF3}.Release|Any CPU.Build.0 = Release|Any CPU
		{3F498B04-A10F-4C8D-9438-DEE1DA6975A8}.Debug|Any CPU.ActiveCfg = Debug|Any CPU
		{3F498B04-A10F-4C8D-9438-DEE1DA6975A8}.Debug|Any CPU.Build.0 = Debug|Any CPU
		{3F498B04-A10F-4C8D-9438-DEE1DA6975A8}.Release|Any CPU.ActiveCfg = Release|Any CPU
		{3F498B04-A10F-4C8D-9438-DEE1DA6975A8}.Release|Any CPU.Build.0 = Release|Any CPU
		{46B5975A-85FC-49C3-A317-C4B29B5AE421}.Debug|Any CPU.ActiveCfg = Debug|Any CPU
		{46B5975A-85FC-49C3-A317-C4B29B5AE421}.Debug|Any CPU.Build.0 = Debug|Any CPU
		{46B5975A-85FC-49C3-A317-C4B29B5AE421}.Release|Any CPU.ActiveCfg = Release|Any CPU
		{46B5975A-85FC-49C3-A317-C4B29B5AE421}.Release|Any CPU.Build.0 = Release|Any CPU
		{FDFCEAA3-3744-4E70-BBEE-C6E8A8092FF2}.Debug|Any CPU.ActiveCfg = Debug|Any CPU
		{FDFCEAA3-3744-4E70-BBEE-C6E8A8092FF2}.Debug|Any CPU.Build.0 = Debug|Any CPU
		{FDFCEAA3-3744-4E70-BBEE-C6E8A8092FF2}.Release|Any CPU.ActiveCfg = Release|Any CPU
		{FDFCEAA3-3744-4E70-BBEE-C6E8A8092FF2}.Release|Any CPU.Build.0 = Release|Any CPU
		{E2468830-A41E-4251-A912-DF05E98E8E65}.Debug|Any CPU.ActiveCfg = Debug|Any CPU
		{E2468830-A41E-4251-A912-DF05E98E8E65}.Debug|Any CPU.Build.0 = Debug|Any CPU
		{E2468830-A41E-4251-A912-DF05E98E8E65}.Release|Any CPU.ActiveCfg = Release|Any CPU
		{E2468830-A41E-4251-A912-DF05E98E8E65}.Release|Any CPU.Build.0 = Release|Any CPU
		{F0532753-A912-4BD9-B329-D60F1BF5E3AA}.Debug|Any CPU.ActiveCfg = Debug|Any CPU
		{F0532753-A912-4BD9-B329-D60F1BF5E3AA}.Debug|Any CPU.Build.0 = Debug|Any CPU
		{F0532753-A912-4BD9-B329-D60F1BF5E3AA}.Release|Any CPU.ActiveCfg = Release|Any CPU
		{F0532753-A912-4BD9-B329-D60F1BF5E3AA}.Release|Any CPU.Build.0 = Release|Any CPU
		{EBC96130-7086-49B6-890B-686E4A0E4FA3}.Debug|Any CPU.ActiveCfg = Debug|Any CPU
		{EBC96130-7086-49B6-890B-686E4A0E4FA3}.Debug|Any CPU.Build.0 = Debug|Any CPU
		{EBC96130-7086-49B6-890B-686E4A0E4FA3}.Release|Any CPU.ActiveCfg = Release|Any CPU
		{EBC96130-7086-49B6-890B-686E4A0E4FA3}.Release|Any CPU.Build.0 = Release|Any CPU
		{2E144CED-9B33-4A40-87F2-895F14E10499}.Debug|Any CPU.ActiveCfg = Debug|Any CPU
		{2E144CED-9B33-4A40-87F2-895F14E10499}.Debug|Any CPU.Build.0 = Debug|Any CPU
		{2E144CED-9B33-4A40-87F2-895F14E10499}.Release|Any CPU.ActiveCfg = Release|Any CPU
		{2E144CED-9B33-4A40-87F2-895F14E10499}.Release|Any CPU.Build.0 = Release|Any CPU
		{E5FAC1BC-50B2-4104-B909-31C11690E91C}.Debug|Any CPU.ActiveCfg = Debug|Any CPU
		{E5FAC1BC-50B2-4104-B909-31C11690E91C}.Debug|Any CPU.Build.0 = Debug|Any CPU
		{E5FAC1BC-50B2-4104-B909-31C11690E91C}.Release|Any CPU.ActiveCfg = Release|Any CPU
		{E5FAC1BC-50B2-4104-B909-31C11690E91C}.Release|Any CPU.Build.0 = Release|Any CPU
		{C1F76C3E-53DC-4BA4-9245-69E5560C0C14}.Debug|Any CPU.ActiveCfg = Debug|Any CPU
		{C1F76C3E-53DC-4BA4-9245-69E5560C0C14}.Debug|Any CPU.Build.0 = Debug|Any CPU
		{C1F76C3E-53DC-4BA4-9245-69E5560C0C14}.Release|Any CPU.ActiveCfg = Release|Any CPU
		{C1F76C3E-53DC-4BA4-9245-69E5560C0C14}.Release|Any CPU.Build.0 = Release|Any CPU
		{768BD7D9-0CF6-4804-A1FA-A58565D155BE}.Debug|Any CPU.ActiveCfg = Debug|Any CPU
		{768BD7D9-0CF6-4804-A1FA-A58565D155BE}.Debug|Any CPU.Build.0 = Debug|Any CPU
		{768BD7D9-0CF6-4804-A1FA-A58565D155BE}.Release|Any CPU.ActiveCfg = Release|Any CPU
		{768BD7D9-0CF6-4804-A1FA-A58565D155BE}.Release|Any CPU.Build.0 = Release|Any CPU
		{F0B9EEBC-F1AF-49D3-B62D-E7CFBE5B40A2}.Debug|Any CPU.ActiveCfg = Debug|Any CPU
		{F0B9EEBC-F1AF-49D3-B62D-E7CFBE5B40A2}.Debug|Any CPU.Build.0 = Debug|Any CPU
		{F0B9EEBC-F1AF-49D3-B62D-E7CFBE5B40A2}.Release|Any CPU.ActiveCfg = Release|Any CPU
		{F0B9EEBC-F1AF-49D3-B62D-E7CFBE5B40A2}.Release|Any CPU.Build.0 = Release|Any CPU
		{F23DDAAE-B99A-4AA5-925A-B38943B10530}.Debug|Any CPU.ActiveCfg = Debug|Any CPU
		{F23DDAAE-B99A-4AA5-925A-B38943B10530}.Debug|Any CPU.Build.0 = Debug|Any CPU
		{F23DDAAE-B99A-4AA5-925A-B38943B10530}.Release|Any CPU.ActiveCfg = Release|Any CPU
		{F23DDAAE-B99A-4AA5-925A-B38943B10530}.Release|Any CPU.Build.0 = Release|Any CPU
		{EDC8124C-2CAE-4AE1-BBD6-A1B54A4A62C3}.Debug|Any CPU.ActiveCfg = Debug|Any CPU
		{EDC8124C-2CAE-4AE1-BBD6-A1B54A4A62C3}.Debug|Any CPU.Build.0 = Debug|Any CPU
		{EDC8124C-2CAE-4AE1-BBD6-A1B54A4A62C3}.Release|Any CPU.ActiveCfg = Release|Any CPU
		{EDC8124C-2CAE-4AE1-BBD6-A1B54A4A62C3}.Release|Any CPU.Build.0 = Release|Any CPU
		{89D0A802-05DA-4B17-AFF6-E9F2537750EE}.Debug|Any CPU.ActiveCfg = Debug|Any CPU
		{89D0A802-05DA-4B17-AFF6-E9F2537750EE}.Debug|Any CPU.Build.0 = Debug|Any CPU
		{89D0A802-05DA-4B17-AFF6-E9F2537750EE}.Release|Any CPU.ActiveCfg = Release|Any CPU
		{89D0A802-05DA-4B17-AFF6-E9F2537750EE}.Release|Any CPU.Build.0 = Release|Any CPU
		{211B2B0D-AD52-4823-9395-EA96AE64037E}.Debug|Any CPU.ActiveCfg = Debug|Any CPU
		{211B2B0D-AD52-4823-9395-EA96AE64037E}.Debug|Any CPU.Build.0 = Debug|Any CPU
		{211B2B0D-AD52-4823-9395-EA96AE64037E}.Release|Any CPU.ActiveCfg = Release|Any CPU
		{211B2B0D-AD52-4823-9395-EA96AE64037E}.Release|Any CPU.Build.0 = Release|Any CPU
		{A1927FE0-D494-4DF9-B25E-85434F84F3E1}.Debug|Any CPU.ActiveCfg = Debug|Any CPU
		{A1927FE0-D494-4DF9-B25E-85434F84F3E1}.Debug|Any CPU.Build.0 = Debug|Any CPU
		{A1927FE0-D494-4DF9-B25E-85434F84F3E1}.Release|Any CPU.ActiveCfg = Release|Any CPU
		{A1927FE0-D494-4DF9-B25E-85434F84F3E1}.Release|Any CPU.Build.0 = Release|Any CPU
		{EB81456F-9E5F-41EE-B22B-1F1D604984CA}.Debug|Any CPU.ActiveCfg = Debug|Any CPU
		{EB81456F-9E5F-41EE-B22B-1F1D604984CA}.Debug|Any CPU.Build.0 = Debug|Any CPU
		{EB81456F-9E5F-41EE-B22B-1F1D604984CA}.Release|Any CPU.ActiveCfg = Release|Any CPU
		{EB81456F-9E5F-41EE-B22B-1F1D604984CA}.Release|Any CPU.Build.0 = Release|Any CPU
		{F79071A6-E842-45E1-B0F2-C0A7A0583189}.Debug|Any CPU.ActiveCfg = Debug|Any CPU
		{F79071A6-E842-45E1-B0F2-C0A7A0583189}.Debug|Any CPU.Build.0 = Debug|Any CPU
		{F79071A6-E842-45E1-B0F2-C0A7A0583189}.Release|Any CPU.ActiveCfg = Release|Any CPU
		{F79071A6-E842-45E1-B0F2-C0A7A0583189}.Release|Any CPU.Build.0 = Release|Any CPU
		{F3AAD5E1-ECC6-46F5-AF5D-1C020BC60048}.Debug|Any CPU.ActiveCfg = Debug|Any CPU
		{F3AAD5E1-ECC6-46F5-AF5D-1C020BC60048}.Debug|Any CPU.Build.0 = Debug|Any CPU
		{F3AAD5E1-ECC6-46F5-AF5D-1C020BC60048}.Release|Any CPU.ActiveCfg = Release|Any CPU
		{F3AAD5E1-ECC6-46F5-AF5D-1C020BC60048}.Release|Any CPU.Build.0 = Release|Any CPU
		{A942AFFE-9D7E-4854-8093-74DFE6700F08}.Debug|Any CPU.ActiveCfg = Debug|Any CPU
		{A942AFFE-9D7E-4854-8093-74DFE6700F08}.Debug|Any CPU.Build.0 = Debug|Any CPU
		{A942AFFE-9D7E-4854-8093-74DFE6700F08}.Release|Any CPU.ActiveCfg = Release|Any CPU
		{A942AFFE-9D7E-4854-8093-74DFE6700F08}.Release|Any CPU.Build.0 = Release|Any CPU
		{96FA85D7-52AD-45E6-8DE6-067CC9CA609F}.Debug|Any CPU.ActiveCfg = Debug|Any CPU
		{96FA85D7-52AD-45E6-8DE6-067CC9CA609F}.Debug|Any CPU.Build.0 = Debug|Any CPU
		{96FA85D7-52AD-45E6-8DE6-067CC9CA609F}.Release|Any CPU.ActiveCfg = Release|Any CPU
		{96FA85D7-52AD-45E6-8DE6-067CC9CA609F}.Release|Any CPU.Build.0 = Release|Any CPU
		{0D6E9A52-F04E-4E24-AF82-7780AB8FD286}.Debug|Any CPU.ActiveCfg = Debug|Any CPU
		{0D6E9A52-F04E-4E24-AF82-7780AB8FD286}.Debug|Any CPU.Build.0 = Debug|Any CPU
		{0D6E9A52-F04E-4E24-AF82-7780AB8FD286}.Release|Any CPU.ActiveCfg = Release|Any CPU
		{0D6E9A52-F04E-4E24-AF82-7780AB8FD286}.Release|Any CPU.Build.0 = Release|Any CPU
		{FB4A67BD-39C2-4838-9EE4-DFC0DCF3F7CC}.Debug|Any CPU.ActiveCfg = Debug|Any CPU
		{FB4A67BD-39C2-4838-9EE4-DFC0DCF3F7CC}.Debug|Any CPU.Build.0 = Debug|Any CPU
		{FB4A67BD-39C2-4838-9EE4-DFC0DCF3F7CC}.Release|Any CPU.ActiveCfg = Release|Any CPU
		{FB4A67BD-39C2-4838-9EE4-DFC0DCF3F7CC}.Release|Any CPU.Build.0 = Release|Any CPU
	EndGlobalSection
	GlobalSection(SolutionProperties) = preSolution
		HideSolutionNode = FALSE
	EndGlobalSection
	GlobalSection(NestedProjects) = preSolution
		{6A3ED8FA-F7E9-4F4C-B51D-AF42E1DB0143} = {CD5FB8D9-43B5-46B7-926F-2E42A75727CA}
		{22314386-1A62-443B-B8E8-6EBEC60E323F} = {7DF8EDD4-6E22-4805-82AB-1E9EE1B5E0D9}
		{5221E79D-CFC7-4C34-9DBF-BD07F59B1147} = {359ABD63-A643-4BF0-8C02-63C99AF983D2}
		{8DF3D430-4AE9-4809-A772-89BF56C5A2D0} = {68BB6CD9-D189-4AEA-83FB-86D1D47D1C0D}
		{20EA52C6-1EBB-4642-B0D2-A2F2B89E5AF3} = {CFCEFE3C-6EA6-45A8-AF56-190266F8A13A}
		{3F498B04-A10F-4C8D-9438-DEE1DA6975A8} = {E8083951-65AF-48C2-BCDE-74270B96814F}
		{46B5975A-85FC-49C3-A317-C4B29B5AE421} = {80106E90-D23C-49BA-9C5B-747FE6ACCCE3}
		{FDFCEAA3-3744-4E70-BBEE-C6E8A8092FF2} = {AF27A0D5-3BDA-45A8-93C2-9187FE079E9E}
		{E2468830-A41E-4251-A912-DF05E98E8E65} = {7D2C334A-974F-4388-8B14-D3986313EEEB}
		{F0532753-A912-4BD9-B329-D60F1BF5E3AA} = {D84DE4F0-5A5A-410F-867E-0EC514413B0E}
		{EBC96130-7086-49B6-890B-686E4A0E4FA3} = {4D89F52D-AAEE-42BB-8BCB-73B8C8B6CD7A}
		{2E144CED-9B33-4A40-87F2-895F14E10499} = {D49D28CA-8FD9-4D94-A533-0AD5E1D6E122}
		{E5FAC1BC-50B2-4104-B909-31C11690E91C} = {5FA97C75-9DE4-46C7-A34B-4A432AEE0E8B}
		{C1F76C3E-53DC-4BA4-9245-69E5560C0C14} = {5DA5CDA6-CB0E-42C3-A82B-336450FE1157}
		{768BD7D9-0CF6-4804-A1FA-A58565D155BE} = {F1A2864C-E0EB-4022-8C39-81442F2F2132}
		{F0B9EEBC-F1AF-49D3-B62D-E7CFBE5B40A2} = {90489455-B7D8-492C-8564-66CEDCD4C1FF}
		{F23DDAAE-B99A-4AA5-925A-B38943B10530} = {592CAA88-A9E2-4693-91DE-17F26E61077D}
		{EDC8124C-2CAE-4AE1-BBD6-A1B54A4A62C3} = {103E2066-5142-400C-9965-23CAC0188E98}
		{89D0A802-05DA-4B17-AFF6-E9F2537750EE} = {07F7C42E-FA37-47A8-93CB-87BD00F68183}
		{211B2B0D-AD52-4823-9395-EA96AE64037E} = {1589AEED-E591-4A87-AA07-3C29A27DFEEA}
		{A1927FE0-D494-4DF9-B25E-85434F84F3E1} = {E0E20717-704C-47FA-8721-E2DD3C2B5365}
		{EB81456F-9E5F-41EE-B22B-1F1D604984CA} = {3A112036-BFCE-4BAA-A2B8-5D4E9AC2B791}
		{F79071A6-E842-45E1-B0F2-C0A7A0583189} = {74DD4221-3586-44DD-9BBA-E16BE5644862}
		{F3AAD5E1-ECC6-46F5-AF5D-1C020BC60048} = {E7A53DDB-E428-4AB4-8EDB-D20592D15BDF}
		{A942AFFE-9D7E-4854-8093-74DFE6700F08} = {F6AC824D-7342-4074-8613-E07827D81A52}
		{96FA85D7-52AD-45E6-8DE6-067CC9CA609F} = {249B51B6-F1F7-4FDC-840C-10700D7B6DEB}
		{0D6E9A52-F04E-4E24-AF82-7780AB8FD286} = {902D7E6E-7994-46E6-BFD6-069AF753E0EA}
		{FB4A67BD-39C2-4838-9EE4-DFC0DCF3F7CC} = {1E919245-2437-42DD-8691-13E248B000B5}
	EndGlobalSection
	GlobalSection(ExtensibilityGlobals) = postSolution
		SolutionGuid = {0A5ADE81-149B-4C09-862D-528C7D4B369B}
	EndGlobalSection
EndGlobal
